
Microsoft Visual Studio Solution File, Format Version 12.00
# Visual Studio Version 17
VisualStudioVersion = 17.4.33110.190
MinimumVisualStudioVersion = 10.0.40219.1
Project("{FAE04EC0-301F-11D3-BF4B-00C04F79EFBC}") = "Murmillo", "Murmillo.csproj", "{D133116A-D41A-4859-960B-7608BCC528FC}"
EndProject
Global
	GlobalSection(SolutionConfigurationPlatforms) = preSolution
		Debug|Any CPU = Debug|Any CPU
		Release|Any CPU = Release|Any CPU
	EndGlobalSection
	GlobalSection(ProjectConfigurationPlatforms) = postSolution
		{D133116A-D41A-4859-960B-7608BCC528FC}.Debug|Any CPU.ActiveCfg = Debug|Any CPU
		{D133116A-D41A-4859-960B-7608BCC528FC}.Debug|Any CPU.Build.0 = Debug|Any CPU
		{D133116A-D41A-4859-960B-7608BCC528FC}.Release|Any CPU.ActiveCfg = Release|Any CPU
		{D133116A-D41A-4859-960B-7608BCC528FC}.Release|Any CPU.Build.0 = Release|Any CPU
	EndGlobalSection
	GlobalSection(SolutionProperties) = preSolution
		HideSolutionNode = FALSE
	EndGlobalSection
	GlobalSection(ExtensibilityGlobals) = postSolution
		SolutionGuid = {1AD634E0-083B-4C73-BF51-4E5EEC3F9E5B}
	EndGlobalSection
EndGlobal
